{
  "name": "vjezba36---npm2-nastavak",
  "version": "1.0.0",
  "lockfileVersion": 3,
  "requires": true,
  "packages": {
    "": {
      "name": "vjezba36---npm2-nastavak",
      "version": "1.0.0",
      "license": "ISC",
      "dependencies": {
        "ivan_nmp": "^1.0.0"
      }
    },
    "node_modules/ivan_nmp": {
      "version": "1.0.0",
      "resolved": "https://registry.npmjs.org/ivan_nmp/-/ivan_nmp-1.0.0.tgz",
      "integrity": "sha512-Geeo57Yo8cJaIIifgao/kbGTU6Yu+TEzjrH7tYTLY/0XZAwEEfDT1Ht+MdVxqgq0h654ROV0aHXMQmZJCxh34g==",
      "dependencies": {
        "lodash": "^4.17.21"
      }
    },
    "node_modules/lodash": {
      "version": "4.17.21",
      "resolved": "https://registry.npmjs.org/lodash/-/lodash-4.17.21.tgz",
      "integrity": "sha512-v2kDEe57lecTulaDIuNTPy3Ry4gLGJ6Z1O3vE1krgXZNrsQ+LFTGHVxVjcXPs17LhbZVGedAJv8XZ1tvj5FvSg=="
    }
  }
}
